
Microsoft Visual Studio Solution File, Format Version 12.00
# Visual Studio Version 16
VisualStudioVersion = 16.0.29020.237
MinimumVisualStudioVersion = 10.0.40219.1
Project("{FAE04EC0-301F-11D3-BF4B-00C04F79EFBC}") = "NumberToWordsConverterGRLib", "NumberToWordsConverterGRLib\NumberToWordsConverterGRLib.csproj", "{07590A3F-831C-470B-BADD-A2E96999224A}"
EndProject
Project("{FAE04EC0-301F-11D3-BF4B-00C04F79EFBC}") = "NumberToWordGRConverterGRConsole", "NumberToWordGRConverterGRConsole\NumberToWordGRConverterGRConsole.csproj", "{4DC6FB0D-6A03-43C8-9041-CF7509D97D03}"
EndProject
Global
	GlobalSection(SolutionConfigurationPlatforms) = preSolution
		Debug|Any CPU = Debug|Any CPU
		Release|Any CPU = Release|Any CPU
	EndGlobalSection
	GlobalSection(ProjectConfigurationPlatforms) = postSolution
		{07590A3F-831C-470B-BADD-A2E96999224A}.Debug|Any CPU.ActiveCfg = Debug|Any CPU
		{07590A3F-831C-470B-BADD-A2E96999224A}.Debug|Any CPU.Build.0 = Debug|Any CPU
		{07590A3F-831C-470B-BADD-A2E96999224A}.Release|Any CPU.ActiveCfg = Release|Any CPU
		{07590A3F-831C-470B-BADD-A2E96999224A}.Release|Any CPU.Build.0 = Release|Any CPU
		{4DC6FB0D-6A03-43C8-9041-CF7509D97D03}.Debug|Any CPU.ActiveCfg = Debug|Any CPU
		{4DC6FB0D-6A03-43C8-9041-CF7509D97D03}.Debug|Any CPU.Build.0 = Debug|Any CPU
		{4DC6FB0D-6A03-43C8-9041-CF7509D97D03}.Release|Any CPU.ActiveCfg = Release|Any CPU
		{4DC6FB0D-6A03-43C8-9041-CF7509D97D03}.Release|Any CPU.Build.0 = Release|Any CPU
	EndGlobalSection
	GlobalSection(SolutionProperties) = preSolution
		HideSolutionNode = FALSE
	EndGlobalSection
	GlobalSection(ExtensibilityGlobals) = postSolution
		SolutionGuid = {4B93FDDF-826E-4294-AB6C-9ECDB7243897}
	EndGlobalSection
EndGlobal
